{
  "name": "programan",
  "version": "1.0.0",
  "lockfileVersion": 1,
  "requires": true,
  "dependencies": {
    "cool-images": {
      "version": "1.0.3",
      "resolved": "https://registry.npmjs.org/cool-images/-/cool-images-1.0.3.tgz",
      "integrity": "sha512-wjHvTcX/boIoGOrO4b12G3zie0v9TBm/Ljg2WmLPbnmOGhYjLkKd2FQaVkzzAhl6KqJkOHspfIcgoE7uk5djhQ=="
    },
    "moment": {
      "version": "2.29.0",
      "resolved": "https://registry.npmjs.org/moment/-/moment-2.29.0.tgz",
      "integrity": "sha512-z6IJ5HXYiuxvFTI6eiQ9dm77uE0gyy1yXNApVHqTcnIKfY9tIwEjlzsZ6u1LQXvVgKeTnv9Xm7NDvJ7lso3MtA=="
    }
  }
}
